// !$*UTF8*$!
{
	archiveVersion = 1;
	classes = {
	};
	objectVersion = 48;
	objects = {

/* Begin PBXBuildFile section */
		B5204C6C1F93FF91001D2A08 /* AppDelegate.swift in Sources */ = {isa = PBXBuildFile; fileRef = B5204C6B1F93FF91001D2A08 /* AppDelegate.swift */; };
		B5204C6E1F93FF91001D2A08 /* ViewController.swift in Sources */ = {isa = PBXBuildFile; fileRef = B5204C6D1F93FF91001D2A08 /* ViewController.swift */; };
		B5204C711F93FF91001D2A08 /* Main.storyboard in Resources */ = {isa = PBXBuildFile; fileRef = B5204C6F1F93FF91001D2A08 /* Main.storyboard */; };
		B5204C731F93FF91001D2A08 /* Assets.xcassets in Resources */ = {isa = PBXBuildFile; fileRef = B5204C721F93FF91001D2A08 /* Assets.xcassets */; };
		B5204C761F93FF91001D2A08 /* LaunchScreen.storyboard in Resources */ = {isa = PBXBuildFile; fileRef = B5204C741F93FF91001D2A08 /* LaunchScreen.storyboard */; };
		B5204C7F1F94031C001D2A08 /* arbreDeGit.png in Resources */ = {isa = PBXBuildFile; fileRef = B5204C7E1F940317001D2A08 /* arbreDeGit.png */; };
/* End PBXBuildFile section */

/* Begin PBXFileReference section */
		B5204C681F93FF91001D2A08 /* git-premiers-pas2.app */ = {isa = PBXFileReference; explicitFileType = wrapper.application; includeInIndex = 0; path = "git-premiers-pas2.app"; sourceTree = BUILT_PRODUCTS_DIR; };
		B5204C6B1F93FF91001D2A08 /* AppDelegate.swift */ = {isa = PBXFileReference; lastKnownFileType = sourcecode.swift; path = AppDelegate.swift; sourceTree = "<group>"; };
		B5204C6D1F93FF91001D2A08 /* ViewController.swift */ = {isa = PBXFileReference; lastKnownFileType = sourcecode.swift; path = ViewController.swift; sourceTree = "<group>"; };
		B5204C701F93FF91001D2A08 /* Base */ = {isa = PBXFileReference; lastKnownFileType = file.storyboard; name = Base; path = Base.lproj/Main.storyboard; sourceTree = "<group>"; };
		B5204C721F93FF91001D2A08 /* Assets.xcassets */ = {isa = PBXFileReference; lastKnownFileType = folder.assetcatalog; path = Assets.xcassets; sourceTree = "<group>"; };
		B5204C751F93FF91001D2A08 /* Base */ = {isa = PBXFileReference; lastKnownFileType = file.storyboard; name = Base; path = Base.lproj/LaunchScreen.storyboard; sourceTree = "<group>"; };
		B5204C771F93FF91001D2A08 /* Info.plist */ = {isa = PBXFileReference; lastKnownFileType = text.plist.xml; path = Info.plist; sourceTree = "<group>"; };
		B5204C7E1F940317001D2A08 /* arbreDeGit.png */ = {isa = PBXFileReference; lastKnownFileType = image.png; path = arbreDeGit.png; sourceTree = "<group>"; };
/* End PBXFileReference section */

/* Begin PBXFrameworksBuildPhase section */
		B5204C651F93FF91001D2A08 /* Frameworks */ = {
			isa = PBXFrameworksBuildPhase;
			buildActionMask = 2147483647;
			files = (
			);
			runOnlyForDeploymentPostprocessing = 0;
		};
/* End PBXFrameworksBuildPhase section */

/* Begin PBXGroup section */
		B5204C5F1F93FF91001D2A08 = {
			isa = PBXGroup;
			children = (
				B5204C6A1F93FF91001D2A08 /* git-premiers-pas2 */,
				B5204C691F93FF91001D2A08 /* Products */,
			);
			sourceTree = "<group>";
		};
		B5204C691F93FF91001D2A08 /* Products */ = {
			isa = PBXGroup;
			children = (
				B5204C681F93FF91001D2A08 /* git-premiers-pas2.app */,
			);
			name = Products;
			sourceTree = "<group>";
		};
		B5204C6A1F93FF91001D2A08 /* git-premiers-pas2 */ = {
			isa = PBXGroup;
			children = (
				B5204C7D1F940302001D2A08 /* Images */,
				B5204C6B1F93FF91001D2A08 /* AppDelegate.swift */,
				B5204C6D1F93FF91001D2A08 /* ViewController.swift */,
				B5204C6F1F93FF91001D2A08 /* Main.storyboard */,
				B5204C721F93FF91001D2A08 /* Assets.xcassets */,
				B5204C741F93FF91001D2A08 /* LaunchScreen.storyboard */,
				B5204C771F93FF91001D2A08 /* Info.plist */,
			);
			path = "git-premiers-pas2";
			sourceTree = "<group>";
		};
		B5204C7D1F940302001D2A08 /* Images */ = {
			isa = PBXGroup;
			children = (
				B5204C7E1F940317001D2A08 /* arbreDeGit.png */,
			);
			path = Images;
			sourceTree = "<group>";
		};
/* End PBXGroup section */

/* Begin PBXNativeTarget section */
		B5204C671F93FF91001D2A08 /* git-premiers-pas2 */ = {
			isa = PBXNativeTarget;
			buildConfigurationList = B5204C7A1F93FF91001D2A08 /* Build configuration list for PBXNativeTarget "git-premiers-pas2" */;
			buildPhases = (
				B5204C641F93FF91001D2A08 /* Sources */,
				B5204C651F93FF91001D2A08 /* Frameworks */,
				B5204C661F93FF91001D2A08 /* Resources */,
			);
			buildRules = (
			);
			dependencies = (
			);
			name = "git-premiers-pas2";
			productName = "git-premiers-pas2";
			productReference = B5204C681F93FF91001D2A08 /* git-premiers-pas2.app */;
			productType = "com.apple.product-type.application";
		};
/* End PBXNativeTarget section */

/* Begin PBXProject section */
		B5204C601F93FF91001D2A08 /* Project object */ = {
			isa = PBXProject;
			attributes = {
				LastSwiftUpdateCheck = 0900;
				LastUpgradeCheck = 0900;
				ORGANIZATIONNAME = Alain;
				TargetAttributes = {
					B5204C671F93FF91001D2A08 = {
						CreatedOnToolsVersion = 9.0;
						ProvisioningStyle = Automatic;
					};
				};
			};
			buildConfigurationList = B5204C631F93FF91001D2A08 /* Build configuration list for PBXProject "git-premiers-pas2" */;
			compatibilityVersion = "Xcode 8.0";
			developmentRegion = en;
			hasScannedForEncodings = 0;
			knownRegions = (
				en,
				Base,
			);
			mainGroup = B5204C5F1F93FF91001D2A08;
			productRefGroup = B5204C691F93FF91001D2A08 /* Products */;
			projectDirPath = "";
			projectRoot = "";
			targets = (
				B5204C671F93FF91001D2A08 /* git-premiers-pas2 */,
			);
		};
/* End PBXProject section */

/* Begin PBXResourcesBuildPhase section */
		B5204C661F93FF91001D2A08 /* Resources */ = {
			isa = PBXResourcesBuildPhase;
			buildActionMask = 2147483647;
			files = (
				B5204C761F93FF91001D2A08 /* LaunchScreen.storyboard in Resources */,
				B5204C731F93FF91001D2A08 /* Assets.xcassets in Resources */,
				B5204C7F1F94031C001D2A08 /* arbreDeGit.png in Resources */,
				B5204C711F93FF91001D2A08 /* Main.storyboard in Resources */,
			);
			runOnlyForDeploymentPostprocessing = 0;
		};
/* End PBXResourcesBuildPhase section */

/* Begin PBXSourcesBuildPhase section */
		B5204C641F93FF91001D2A08 /* Sources */ = {
			isa = PBXSourcesBuildPhase;
			buildActionMask = 2147483647;
			files = (
				B5204C6E1F93FF91001D2A08 /* ViewController.swift in Sources */,
				B5204C6C1F93FF91001D2A08 /* AppDelegate.swift in Sources */,
			);
			runOnlyForDeploymentPostprocessing = 0;
		};
/* End PBXSourcesBuildPhase section */

/* Begin PBXVariantGroup section */
		B5204C6F1F93FF91001D2A08 /* Main.storyboard */ = {
			isa = PBXVariantGroup;
			children = (
				B5204C701F93FF91001D2A08 /* Base */,
			);
			name = Main.storyboard;
			sourceTree = "<group>";
		};
		B5204C741F93FF91001D2A08 /* LaunchScreen.storyboard */ = {
			isa = PBXVariantGroup;
			children = (
				B5204C751F93FF91001D2A08 /* Base */,
			);
			name = LaunchScreen.storyboard;
			sourceTree = "<group>";
		};
/* End PBXVariantGroup section */

/* Begin XCBuildConfiguration section */
		B5204C781F93FF91001D2A08 /* Debug */ = {
			isa = XCBuildConfiguration;
			buildSettings = {
				ALWAYS_SEARCH_USER_PATHS = NO;
				CLANG_ANALYZER_NONNULL = YES;
				CLANG_ANALYZER_NUMBER_OBJECT_CONVERSION = YES_AGGRESSIVE;
				CLANG_CXX_LANGUAGE_STANDARD = "gnu++14";
				CLANG_CXX_LIBRARY = "libc++";
				CLANG_ENABLE_MODULES = YES;
				CLANG_ENABLE_OBJC_ARC = YES;
				CLANG_WARN_BLOCK_CAPTURE_AUTORELEASING = YES;
				CLANG_WARN_BOOL_CONVERSION = YES;
				CLANG_WARN_COMMA = YES;
				CLANG_WARN_CONSTANT_CONVERSION = YES;
				CLANG_WARN_DIRECT_OBJC_ISA_USAGE = YES_ERROR;
				CLANG_WARN_DOCUMENTATION_COMMENTS = YES;
				CLANG_WARN_EMPTY_BODY = YES;
				CLANG_WARN_ENUM_CONVERSION = YES;
				CLANG_WARN_INFINITE_RECURSION = YES;
				CLANG_WARN_INT_CONVERSION = YES;
				CLANG_WARN_NON_LITERAL_NULL_CONVERSION = YES;
				CLANG_WARN_OBJC_LITERAL_CONVERSION = YES;
				CLANG_WARN_OBJC_ROOT_CLASS = YES_ERROR;
				CLANG_WARN_RANGE_LOOP_ANALYSIS = YES;
				CLANG_WARN_STRICT_PROTOTYPES = YES;
				CLANG_WARN_SUSPICIOUS_MOVE = YES;
				CLANG_WARN_UNGUARDED_AVAILABILITY = YES_AGGRESSIVE;
				CLANG_WARN_UNREACHABLE_CODE = YES;
				CLANG_WARN__DUPLICATE_METHOD_MATCH = YES;
				CODE_SIGN_IDENTITY = "iPhone Developer";
				COPY_PHASE_STRIP = NO;
				DEBUG_INFORMATION_FORMAT = dwarf;
				ENABLE_STRICT_OBJC_MSGSEND = YES;
				ENABLE_TESTABILITY = YES;
				GCC_C_LANGUAGE_STANDARD = gnu11;
				GCC_DYNAMIC_NO_PIC = NO;
				GCC_NO_COMMON_BLOCKS = YES;
				GCC_OPTIMIZATION_LEVEL = 0;
				GCC_PREPROCESSOR_DEFINITIONS = (
					"DEBUG=1",
					"$(inherited)",
				);
				GCC_WARN_64_TO_32_BIT_CONVERSION = YES;
				GCC_WARN_ABOUT_RETURN_TYPE = YES_ERROR;
				GCC_WARN_UNDECLARED_SELECTOR = YES;
				GCC_WARN_UNINITIALIZED_AUTOS = YES_AGGRESSIVE;
				GCC_WARN_UNUSED_FUNCTION = YES;
				GCC_WARN_UNUSED_VARIABLE = YES;
				IPHONEOS_DEPLOYMENT_TARGET = 11.0;
				MTL_ENABLE_DEBUG_INFO = YES;
				ONLY_ACTIVE_ARCH = YES;
				SDKROOT = iphoneos;
				SWIFT_ACTIVE_COMPILATION_CONDITIONS = DEBUG;
				SWIFT_OPTIMIZATION_LEVEL = "-Onone";
			};
			name = Debug;
		};
		B5204C791F93FF91001D2A08 /* Release */ = {
			isa = XCBuildConfiguration;
			buildSettings = {
				ALWAYS_SEARCH_USER_PATHS = NO;
				CLANG_ANALYZER_NONNULL = YES;
				CLANG_ANALYZER_NUMBER_OBJECT_CONVERSION = YES_AGGRESSIVE;
				CLANG_CXX_LANGUAGE_STANDARD = "gnu++14";
				CLANG_CXX_LIBRARY = "libc++";
				CLANG_ENABLE_MODULES = YES;
				CLANG_ENABLE_OBJC_ARC = YES;
				CLANG_WARN_BLOCK_CAPTURE_AUTORELEASING = YES;
				CLANG_WARN_BOOL_CONVERSION = YES;
				CLANG_WARN_COMMA = YES;
				CLANG_WARN_CONSTANT_CONVERSION = YES;
				CLANG_WARN_DIRECT_OBJC_ISA_USAGE = YES_ERROR;
				CLANG_WARN_DOCUMENTATION_COMMENTS = YES;
				CLANG_WARN_EMPTY_BODY = YES;
				CLANG_WARN_ENUM_CONVERSION = YES;
				CLANG_WARN_INFINITE_RECURSION = YES;
				CLANG_WARN_INT_CONVERSION = YES;
				CLANG_WARN_NON_LITERAL_NULL_CONVERSION = YES;
				CLANG_WARN_OBJC_LITERAL_CONVERSION = YES;
				CLANG_WARN_OBJC_ROOT_CLASS = YES_ERROR;
				CLANG_WARN_RANGE_LOOP_ANALYSIS = YES;
				CLANG_WARN_STRICT_PROTOTYPES = YES;
				CLANG_WARN_SUSPICIOUS_MOVE = YES;
				CLANG_WARN_UNGUARDED_AVAILABILITY = YES_AGGRESSIVE;
				CLANG_WARN_UNREACHABLE_CODE = YES;
				CLANG_WARN__DUPLICATE_METHOD_MATCH = YES;
				CODE_SIGN_IDENTITY = "iPhone Developer";
				COPY_PHASE_STRIP = NO;
				DEBUG_INFORMATION_FORMAT = "dwarf-with-dsym";
				ENABLE_NS_ASSERTIONS = NO;
				ENABLE_STRICT_OBJC_MSGSEND = YES;
				GCC_C_LANGUAGE_STANDARD = gnu11;
				GCC_NO_COMMON_BLOCKS = YES;
				GCC_WARN_64_TO_32_BIT_CONVERSION = YES;
				GCC_WARN_ABOUT_RETURN_TYPE = YES_ERROR;
				GCC_WARN_UNDECLARED_SELECTOR = YES;
				GCC_WARN_UNINITIALIZED_AUTOS = YES_AGGRESSIVE;
				GCC_WARN_UNUSED_FUNCTION = YES;
				GCC_WARN_UNUSED_VARIABLE = YES;
				IPHONEOS_DEPLOYMENT_TARGET = 11.0;
				MTL_ENABLE_DEBUG_INFO = NO;
				SDKROOT = iphoneos;
				SWIFT_OPTIMIZATION_LEVEL = "-Owholemodule";
				VALIDATE_PRODUCT = YES;
			};
			name = Release;
		};
		B5204C7B1F93FF91001D2A08 /* Debug */ = {
			isa = XCBuildConfiguration;
			buildSettings = {
				ASSETCATALOG_COMPILER_APPICON_NAME = AppIcon;
				CODE_SIGN_STYLE = Automatic;
				INFOPLIST_FILE = "git-premiers-pas2/Info.plist";
				LD_RUNPATH_SEARCH_PATHS = "$(inherited) @executable_path/Frameworks";
				PRODUCT_BUNDLE_IDENTIFIER = "ca.qc.cstj.git-premiers-pas2";
				PRODUCT_NAME = "$(TARGET_NAME)";
				SWIFT_VERSION = 4.0;
				TARGETED_DEVICE_FAMILY = "1,2";
			};
			name = Debug;
		};
		B5204C7C1F93FF91001D2A08 /* Release */ = {
			isa = XCBuildConfiguration;
			buildSettings = {
				ASSETCATALOG_COMPILER_APPICON_NAME = AppIcon;
				CODE_SIGN_STYLE = Automatic;
				INFOPLIST_FILE = "git-premiers-pas2/Info.plist";
				LD_RUNPATH_SEARCH_PATHS = "$(inherited) @executable_path/Frameworks";
				PRODUCT_BUNDLE_IDENTIFIER = "ca.qc.cstj.git-premiers-pas2";
				PRODUCT_NAME = "$(TARGET_NAME)";
				SWIFT_VERSION = 4.0;
				TARGETED_DEVICE_FAMILY = "1,2";
			};
			name = Release;
		};
/* End XCBuildConfiguration section */

/* Begin XCConfigurationList section */
		B5204C631F93FF91001D2A08 /* Build configuration list for PBXProject "git-premiers-pas2" */ = {
			isa = XCConfigurationList;
			buildConfigurations = (
				B5204C781F93FF91001D2A08 /* Debug */,
				B5204C791F93FF91001D2A08 /* Release */,
			);
			defaultConfigurationIsVisible = 0;
			defaultConfigurationName = Release;
		};
		B5204C7A1F93FF91001D2A08 /* Build configuration list for PBXNativeTarget "git-premiers-pas2" */ = {
			isa = XCConfigurationList;
			buildConfigurations = (
				B5204C7B1F93FF91001D2A08 /* Debug */,
				B5204C7C1F93FF91001D2A08 /* Release */,
			);
			defaultConfigurationIsVisible = 0;
			defaultConfigurationName = Release;
		};
/* End XCConfigurationList section */
	};
	rootObject = B5204C601F93FF91001D2A08 /* Project object */;
}
